<?xml version="1.0" encoding="utf-8"?>
<Project ToolsVersion="4.0" xmlns="http://schemas.microsoft.com/developer/msbuild/2003">
  <ItemGroup>
    <Filter Include="Source Files">
      <UniqueIdentifier>{4FC737F1-C7A5-4376-A066-2A32D752A2FF}</UniqueIdentifier>
      <Extensions>cpp;c;cc;cxx;def;odl;idl;hpj;bat;asm;asmx</Extensions>
    </Filter>
    <Filter Include="Header Files">
      <UniqueIdentifier>{93995380-89BD-4b04-88EB-625FBE52EBFB}</UniqueIdentifier>
      <Extensions>h;hh;hpp;hxx;hm;inl;inc;ipp;xsd</Extensions>
    </Filter>
    <Filter Include="Resource Files">
      <UniqueIdentifier>{67DA6AB6-F800-4c08-8B7A-83BB121AAD01}</UniqueIdentifier>
      <Extensions>rc;ico;cur;bmp;dlg;rc2;rct;bin;rgs;gif;jpg;jpeg;jpe;resx;tiff;tif;png;wav;mfcribbon-ms</Extensions>
    </Filter>
    <Filter Include="Source Files\Pathfinders">
      <UniqueIdentifier>{63b38d94-e79a-4583-abad-4584e96ce286}</UniqueIdentifier>
    </Filter>
    <Filter Include="Header Files\Pathfinders">
      <UniqueIdentifier>{1a3ffd1c-97bb-44be-a71d-c306df9fcb79}</UniqueIdentifier>
    </Filter>
  </ItemGroup>
  <ItemGroup>
    <ClCompile Include="CMP201 Shortest Path Project.cpp">
      <Filter>Source Files</Filter>
    </ClCompile>
    <ClCompile Include="UserInterface.cpp">
      <Filter>Source Files</Filter>
    </ClCompile>
    <ClCompile Include="Map.cpp">
      <Filter>Source Files</Filter>
    </ClCompile>
    <ClCompile Include="Path.cpp">
      <Filter>Source Files</Filter>
    </ClCompile>
    <ClCompile Include="AStarPathfinder.cpp">
      <Filter>Source Files\Pathfinders</Filter>
    </ClCompile>
    <ClCompile Include="Pathfinder.cpp">
      <Filter>Source Files\Pathfinders</Filter>
    </ClCompile>
    <ClCompile Include="Vector2i.cpp">
      <Filter>Source Files</Filter>
    </ClCompile>
    <ClCompile Include="MapDisplayer.cpp">
      <Filter>Source Files</Filter>
    </ClCompile>
    <ClCompile Include="AStarNode.cpp">
      <Filter>Source Files</Filter>
    </ClCompile>
    <ClCompile Include="AStarClosedSet.cpp">
      <Filter>Source Files\Pathfinders</Filter>
    </ClCompile>
    <ClCompile Include="AStarOpenSet.cpp">
      <Filter>Source Files\Pathfinders</Filter>
    </ClCompile>
    <ClCompile Include="AlgorithmTester.cpp">
      <Filter>Source Files</Filter>
    </ClCompile>
    <ClCompile Include="AlternateAStarPathfinder.cpp">
      <Filter>Source Files\Pathfinders</Filter>
    </ClCompile>
    <ClCompile Include="AlternateAStarOpenSet.cpp">
      <Filter>Source Files\Pathfinders</Filter>
    </ClCompile>
    <ClCompile Include="AlternateAStarClosedSet.cpp">
      <Filter>Source Files\Pathfinders</Filter>
    </ClCompile>
    <ClCompile Include="LeePathfinder.cpp">
      <Filter>Source Files\Pathfinders</Filter>
    </ClCompile>
  </ItemGroup>
  <ItemGroup>
    <ClInclude Include="UserInterface.h">
      <Filter>Header Files</Filter>
    </ClInclude>
    <ClInclude Include="Map.h">
      <Filter>Header Files</Filter>
    </ClInclude>
    <ClInclude Include="Path.h">
      <Filter>Header Files</Filter>
    </ClInclude>
    <ClInclude Include="AStarPathfinder.h">
      <Filter>Header Files\Pathfinders</Filter>
    </ClInclude>
    <ClInclude Include="Pathfinder.h">
      <Filter>Header Files\Pathfinders</Filter>
    </ClInclude>
    <ClInclude Include="Vector2i.h">
      <Filter>Header Files</Filter>
    </ClInclude>
    <ClInclude Include="MapDisplayer.h">
      <Filter>Header Files</Filter>
    </ClInclude>
    <ClInclude Include="AStarNode.h">
      <Filter>Header Files</Filter>
    </ClInclude>
    <ClInclude Include="AStarClosedSet.h">
      <Filter>Header Files\Pathfinders</Filter>
    </ClInclude>
    <ClInclude Include="AStarOpenSet.h">
      <Filter>Header Files\Pathfinders</Filter>
    </ClInclude>
    <ClInclude Include="resource.h">
      <Filter>Header Files</Filter>
    </ClInclude>
    <ClInclude Include="AlgorithmTester.h">
      <Filter>Header Files</Filter>
    </ClInclude>
    <ClInclude Include="AlternateAStarPathfinder.h">
      <Filter>Header Files\Pathfinders</Filter>
    </ClInclude>
    <ClInclude Include="AlternateAStarOpenSet.h">
      <Filter>Header Files\Pathfinders</Filter>
    </ClInclude>
    <ClInclude Include="AlternateAStarClosedSet.h">
      <Filter>Header Files\Pathfinders</Filter>
    </ClInclude>
    <ClInclude Include="LeePathfinder.h">
      <Filter>Header Files\Pathfinders</Filter>
    </ClInclude>
  </ItemGroup>
  <ItemGroup>
    <ResourceCompile Include="CMP201 Shortest Path Project.rc">
      <Filter>Resource Files</Filter>
    </ResourceCompile>
  </ItemGroup>
</Project>